
Microsoft Visual Studio Solution File, Format Version 12.00
# Visual Studio 14
VisualStudioVersion = 14.0.25420.1
MinimumVisualStudioVersion = 10.0.40219.1
Project("{FAE04EC0-301F-11D3-BF4B-00C04F79EFBC}") = "Vista", "BusinessControl\Vista.csproj", "{C0AB6C6C-9B22-45FB-89E6-CF36D1F38AD3}"
EndProject
Project("{FAE04EC0-301F-11D3-BF4B-00C04F79EFBC}") = "Modelo", "Modelo\Modelo.csproj", "{2C97F980-DE25-4419-BBD7-00FEC04DCE25}"
EndProject
Project("{FAE04EC0-301F-11D3-BF4B-00C04F79EFBC}") = "Controlador", "Controlador\Controlador.csproj", "{A546FC7D-4D20-4F4D-A497-D404E5E51E65}"
EndProject
Global
	GlobalSection(SolutionConfigurationPlatforms) = preSolution
		Debug|Any CPU = Debug|Any CPU
		Release|Any CPU = Release|Any CPU
	EndGlobalSection
	GlobalSection(ProjectConfigurationPlatforms) = postSolution
		{C0AB6C6C-9B22-45FB-89E6-CF36D1F38AD3}.Debug|Any CPU.ActiveCfg = Debug|Any CPU
		{C0AB6C6C-9B22-45FB-89E6-CF36D1F38AD3}.Debug|Any CPU.Build.0 = Debug|Any CPU
		{C0AB6C6C-9B22-45FB-89E6-CF36D1F38AD3}.Release|Any CPU.ActiveCfg = Release|Any CPU
		{C0AB6C6C-9B22-45FB-89E6-CF36D1F38AD3}.Release|Any CPU.Build.0 = Release|Any CPU
		{2C97F980-DE25-4419-BBD7-00FEC04DCE25}.Debug|Any CPU.ActiveCfg = Debug|Any CPU
		{2C97F980-DE25-4419-BBD7-00FEC04DCE25}.Debug|Any CPU.Build.0 = Debug|Any CPU
		{2C97F980-DE25-4419-BBD7-00FEC04DCE25}.Release|Any CPU.ActiveCfg = Release|Any CPU
		{2C97F980-DE25-4419-BBD7-00FEC04DCE25}.Release|Any CPU.Build.0 = Release|Any CPU
		{A546FC7D-4D20-4F4D-A497-D404E5E51E65}.Debug|Any CPU.ActiveCfg = Debug|Any CPU
		{A546FC7D-4D20-4F4D-A497-D404E5E51E65}.Debug|Any CPU.Build.0 = Debug|Any CPU
		{A546FC7D-4D20-4F4D-A497-D404E5E51E65}.Release|Any CPU.ActiveCfg = Release|Any CPU
		{A546FC7D-4D20-4F4D-A497-D404E5E51E65}.Release|Any CPU.Build.0 = Release|Any CPU
	EndGlobalSection
	GlobalSection(SolutionProperties) = preSolution
		HideSolutionNode = FALSE
	EndGlobalSection
EndGlobal
